
Microsoft Visual Studio Solution File, Format Version 12.00
# Visual Studio Version 16
VisualStudioVersion = 16.0.29519.181
MinimumVisualStudioVersion = 10.0.40219.1
Project("{9A19103F-16F7-4668-BE54-9A1E7A4F7556}") = "PingPongAPI", "PingPongAPI\PingPongAPI.csproj", "{367F0CD7-4305-4CB3-9F47-3B1FFCC76978}"
EndProject
Project("{FAE04EC0-301F-11D3-BF4B-00C04F79EFBC}") = "WebApplication1", "WebApplication1\WebApplication1.csproj", "{FEF9F858-E9D3-40AE-B037-E37512B3DBD5}"
EndProject
Global
	GlobalSection(SolutionConfigurationPlatforms) = preSolution
		Debug|Any CPU = Debug|Any CPU
		Release|Any CPU = Release|Any CPU
	EndGlobalSection
	GlobalSection(ProjectConfigurationPlatforms) = postSolution
		{367F0CD7-4305-4CB3-9F47-3B1FFCC76978}.Debug|Any CPU.ActiveCfg = Debug|Any CPU
		{367F0CD7-4305-4CB3-9F47-3B1FFCC76978}.Debug|Any CPU.Build.0 = Debug|Any CPU
		{367F0CD7-4305-4CB3-9F47-3B1FFCC76978}.Release|Any CPU.ActiveCfg = Release|Any CPU
		{367F0CD7-4305-4CB3-9F47-3B1FFCC76978}.Release|Any CPU.Build.0 = Release|Any CPU
		{FEF9F858-E9D3-40AE-B037-E37512B3DBD5}.Debug|Any CPU.ActiveCfg = Debug|Any CPU
		{FEF9F858-E9D3-40AE-B037-E37512B3DBD5}.Debug|Any CPU.Build.0 = Debug|Any CPU
		{FEF9F858-E9D3-40AE-B037-E37512B3DBD5}.Release|Any CPU.ActiveCfg = Release|Any CPU
		{FEF9F858-E9D3-40AE-B037-E37512B3DBD5}.Release|Any CPU.Build.0 = Release|Any CPU
	EndGlobalSection
	GlobalSection(SolutionProperties) = preSolution
		HideSolutionNode = FALSE
	EndGlobalSection
	GlobalSection(ExtensibilityGlobals) = postSolution
		SolutionGuid = {EFFB2EED-BB4C-4A70-A432-F44710011B49}
	EndGlobalSection
EndGlobal
